
Microsoft Visual Studio Solution File, Format Version 12.00
# Visual Studio 15
VisualStudioVersion = 15.0.28307.421
MinimumVisualStudioVersion = 10.0.40219.1
Project("{2150E333-8FDC-42A3-9474-1A3956D46DE8}") = "Socket", "Socket", "{A0856F6A-A367-40E9-8170-22547C9BA96D}"
EndProject
Project("{2150E333-8FDC-42A3-9474-1A3956D46DE8}") = "GL", "GL", "{3E3A17E3-6786-4993-9257-CF76CEF4755E}"
EndProject
Project("{FAE04EC0-301F-11D3-BF4B-00C04F79EFBC}") = "AsyncSocket", "..\iTSLibrary\AsyncSocket\AsyncSocket.csproj", "{96AEBCE3-FC5E-4F3F-B8F9-B4BA0BBAC2BE}"
EndProject
Project("{FAE04EC0-301F-11D3-BF4B-00C04F79EFBC}") = "Geometry", "..\iTSLibrary\Geometry\Geometry.csproj", "{A617D647-1075-4BBB-9B9C-17971D56FE1E}"
EndProject
Project("{FAE04EC0-301F-11D3-BF4B-00C04F79EFBC}") = "IniFiles", "..\iTSLibrary\IniFiles\IniFiles.csproj", "{D2ECE031-6105-402B-BC01-8E2E1C9B469D}"
EndProject
Project("{FAE04EC0-301F-11D3-BF4B-00C04F79EFBC}") = "LittleGhost", "..\iTSLibrary\LittleGhost\LittleGhost.csproj", "{6086472B-1061-42B0-A442-B4D2FBB3E863}"
EndProject
Project("{FAE04EC0-301F-11D3-BF4B-00C04F79EFBC}") = "LogManager", "..\iTSLibrary\LogManager\LogManager.csproj", "{6F05D782-1F88-491A-984D-8359CF296CB3}"
EndProject
Project("{FAE04EC0-301F-11D3-BF4B-00C04F79EFBC}") = "MD5Hash", "..\iTSLibrary\MD5Hash\MD5Hash.csproj", "{1610EB3A-CCCB-451D-81D3-F4E174D90D0D}"
EndProject
Project("{FAE04EC0-301F-11D3-BF4B-00C04F79EFBC}") = "SerialData", "..\iTSLibrary\SerialData\SerialData.csproj", "{3CD8A484-F2D7-4659-9AB2-ED7BA11C78C6}"
EndProject
Project("{FAE04EC0-301F-11D3-BF4B-00C04F79EFBC}") = "Serialization", "..\iTSLibrary\Serialization\Serialization.csproj", "{3719D19B-9168-4D0D-A761-92C583A6D07F}"
EndProject
Project("{FAE04EC0-301F-11D3-BF4B-00C04F79EFBC}") = "WaitTask", "..\iTSLibrary\WaitTask\WaitTask.csproj", "{4E127BFA-A42C-4CCE-8256-9ED51C8D8656}"
EndProject
Project("{FAE04EC0-301F-11D3-BF4B-00C04F79EFBC}") = "GLCore", "..\iTSLibrary\GLCore\GLCore.csproj", "{8DD11590-79E3-4D93-83DB-8B2DD19CD3F4}"
EndProject
Project("{FAE04EC0-301F-11D3-BF4B-00C04F79EFBC}") = "GLStyle", "..\iTSLibrary\GLStyle\GLStyle.csproj", "{67EDE669-FF71-41EC-BA78-0D167FB5D989}"
EndProject
Project("{FAE04EC0-301F-11D3-BF4B-00C04F79EFBC}") = "GLUI", "..\iTSLibrary\GLUI\GLUI.csproj", "{390DC0BB-01D8-48B3-A7C3-84C5B3355DEE}"
EndProject
Project("{FAE04EC0-301F-11D3-BF4B-00C04F79EFBC}") = "MapReader", "..\iTSLibrary\MapReader\MapReader.csproj", "{86FBB304-7B4F-4C7D-891C-2A3309A275F4}"
EndProject
Project("{FAE04EC0-301F-11D3-BF4B-00C04F79EFBC}") = "ThreadSafety", "..\iTSLibrary\ThreadSafety\ThreadSafety.csproj", "{ABA5F1E8-B443-46E3-8898-5114A98F5BBF}"
EndProject
Project("{FAE04EC0-301F-11D3-BF4B-00C04F79EFBC}") = "FootprintViewer", "FootprintViewer\FootprintViewer.csproj", "{AE9DF079-1C3D-4504-890C-B45A956A64A4}"
EndProject
Project("{FAE04EC0-301F-11D3-BF4B-00C04F79EFBC}") = "TrafficControlTest", "TrafficControlTest\TrafficControlTest.csproj", "{46BE9935-F474-4C10-8E8C-7341AAC51640}"
EndProject
Project("{FAE04EC0-301F-11D3-BF4B-00C04F79EFBC}") = "VehicleSimulator", "VehicleSimulator\VehicleSimulator.csproj", "{163D754B-08E3-4070-A8A5-712986B19257}"
EndProject
Project("{FAE04EC0-301F-11D3-BF4B-00C04F79EFBC}") = "TrafficControlTestTests", "TrafficControlTestTests\TrafficControlTestTests.csproj", "{52D7D760-2A5A-4C7A-81F2-FA303D3EF313}"
EndProject
Global
	GlobalSection(SolutionConfigurationPlatforms) = preSolution
		Debug|Any CPU = Debug|Any CPU
		Release|Any CPU = Release|Any CPU
	EndGlobalSection
	GlobalSection(ProjectConfigurationPlatforms) = postSolution
		{96AEBCE3-FC5E-4F3F-B8F9-B4BA0BBAC2BE}.Debug|Any CPU.ActiveCfg = Debug|Any CPU
		{96AEBCE3-FC5E-4F3F-B8F9-B4BA0BBAC2BE}.Debug|Any CPU.Build.0 = Debug|Any CPU
		{96AEBCE3-FC5E-4F3F-B8F9-B4BA0BBAC2BE}.Release|Any CPU.ActiveCfg = Release|Any CPU
		{96AEBCE3-FC5E-4F3F-B8F9-B4BA0BBAC2BE}.Release|Any CPU.Build.0 = Release|Any CPU
		{A617D647-1075-4BBB-9B9C-17971D56FE1E}.Debug|Any CPU.ActiveCfg = Debug|Any CPU
		{A617D647-1075-4BBB-9B9C-17971D56FE1E}.Debug|Any CPU.Build.0 = Debug|Any CPU
		{A617D647-1075-4BBB-9B9C-17971D56FE1E}.Release|Any CPU.ActiveCfg = Release|Any CPU
		{A617D647-1075-4BBB-9B9C-17971D56FE1E}.Release|Any CPU.Build.0 = Release|Any CPU
		{D2ECE031-6105-402B-BC01-8E2E1C9B469D}.Debug|Any CPU.ActiveCfg = Debug|Any CPU
		{D2ECE031-6105-402B-BC01-8E2E1C9B469D}.Debug|Any CPU.Build.0 = Debug|Any CPU
		{D2ECE031-6105-402B-BC01-8E2E1C9B469D}.Release|Any CPU.ActiveCfg = Release|Any CPU
		{D2ECE031-6105-402B-BC01-8E2E1C9B469D}.Release|Any CPU.Build.0 = Release|Any CPU
		{6086472B-1061-42B0-A442-B4D2FBB3E863}.Debug|Any CPU.ActiveCfg = Debug|Any CPU
		{6086472B-1061-42B0-A442-B4D2FBB3E863}.Debug|Any CPU.Build.0 = Debug|Any CPU
		{6086472B-1061-42B0-A442-B4D2FBB3E863}.Release|Any CPU.ActiveCfg = Release|Any CPU
		{6086472B-1061-42B0-A442-B4D2FBB3E863}.Release|Any CPU.Build.0 = Release|Any CPU
		{6F05D782-1F88-491A-984D-8359CF296CB3}.Debug|Any CPU.ActiveCfg = Debug|Any CPU
		{6F05D782-1F88-491A-984D-8359CF296CB3}.Debug|Any CPU.Build.0 = Debug|Any CPU
		{6F05D782-1F88-491A-984D-8359CF296CB3}.Release|Any CPU.ActiveCfg = Release|Any CPU
		{6F05D782-1F88-491A-984D-8359CF296CB3}.Release|Any CPU.Build.0 = Release|Any CPU
		{1610EB3A-CCCB-451D-81D3-F4E174D90D0D}.Debug|Any CPU.ActiveCfg = Debug|Any CPU
		{1610EB3A-CCCB-451D-81D3-F4E174D90D0D}.Debug|Any CPU.Build.0 = Debug|Any CPU
		{1610EB3A-CCCB-451D-81D3-F4E174D90D0D}.Release|Any CPU.ActiveCfg = Release|Any CPU
		{1610EB3A-CCCB-451D-81D3-F4E174D90D0D}.Release|Any CPU.Build.0 = Release|Any CPU
		{3CD8A484-F2D7-4659-9AB2-ED7BA11C78C6}.Debug|Any CPU.ActiveCfg = Debug|Any CPU
		{3CD8A484-F2D7-4659-9AB2-ED7BA11C78C6}.Debug|Any CPU.Build.0 = Debug|Any CPU
		{3CD8A484-F2D7-4659-9AB2-ED7BA11C78C6}.Release|Any CPU.ActiveCfg = Release|Any CPU
		{3CD8A484-F2D7-4659-9AB2-ED7BA11C78C6}.Release|Any CPU.Build.0 = Release|Any CPU
		{3719D19B-9168-4D0D-A761-92C583A6D07F}.Debug|Any CPU.ActiveCfg = Debug|Any CPU
		{3719D19B-9168-4D0D-A761-92C583A6D07F}.Debug|Any CPU.Build.0 = Debug|Any CPU
		{3719D19B-9168-4D0D-A761-92C583A6D07F}.Release|Any CPU.ActiveCfg = Release|Any CPU
		{3719D19B-9168-4D0D-A761-92C583A6D07F}.Release|Any CPU.Build.0 = Release|Any CPU
		{4E127BFA-A42C-4CCE-8256-9ED51C8D8656}.Debug|Any CPU.ActiveCfg = Debug|Any CPU
		{4E127BFA-A42C-4CCE-8256-9ED51C8D8656}.Debug|Any CPU.Build.0 = Debug|Any CPU
		{4E127BFA-A42C-4CCE-8256-9ED51C8D8656}.Release|Any CPU.ActiveCfg = Release|Any CPU
		{4E127BFA-A42C-4CCE-8256-9ED51C8D8656}.Release|Any CPU.Build.0 = Release|Any CPU
		{8DD11590-79E3-4D93-83DB-8B2DD19CD3F4}.Debug|Any CPU.ActiveCfg = Debug|Any CPU
		{8DD11590-79E3-4D93-83DB-8B2DD19CD3F4}.Debug|Any CPU.Build.0 = Debug|Any CPU
		{8DD11590-79E3-4D93-83DB-8B2DD19CD3F4}.Release|Any CPU.ActiveCfg = Release|Any CPU
		{8DD11590-79E3-4D93-83DB-8B2DD19CD3F4}.Release|Any CPU.Build.0 = Release|Any CPU
		{67EDE669-FF71-41EC-BA78-0D167FB5D989}.Debug|Any CPU.ActiveCfg = Debug|Any CPU
		{67EDE669-FF71-41EC-BA78-0D167FB5D989}.Debug|Any CPU.Build.0 = Debug|Any CPU
		{67EDE669-FF71-41EC-BA78-0D167FB5D989}.Release|Any CPU.ActiveCfg = Release|Any CPU
		{67EDE669-FF71-41EC-BA78-0D167FB5D989}.Release|Any CPU.Build.0 = Release|Any CPU
		{390DC0BB-01D8-48B3-A7C3-84C5B3355DEE}.Debug|Any CPU.ActiveCfg = Debug|Any CPU
		{390DC0BB-01D8-48B3-A7C3-84C5B3355DEE}.Debug|Any CPU.Build.0 = Debug|Any CPU
		{390DC0BB-01D8-48B3-A7C3-84C5B3355DEE}.Release|Any CPU.ActiveCfg = Release|Any CPU
		{390DC0BB-01D8-48B3-A7C3-84C5B3355DEE}.Release|Any CPU.Build.0 = Release|Any CPU
		{86FBB304-7B4F-4C7D-891C-2A3309A275F4}.Debug|Any CPU.ActiveCfg = Debug|Any CPU
		{86FBB304-7B4F-4C7D-891C-2A3309A275F4}.Debug|Any CPU.Build.0 = Debug|Any CPU
		{86FBB304-7B4F-4C7D-891C-2A3309A275F4}.Release|Any CPU.ActiveCfg = Release|Any CPU
		{86FBB304-7B4F-4C7D-891C-2A3309A275F4}.Release|Any CPU.Build.0 = Release|Any CPU
		{ABA5F1E8-B443-46E3-8898-5114A98F5BBF}.Debug|Any CPU.ActiveCfg = Debug|Any CPU
		{ABA5F1E8-B443-46E3-8898-5114A98F5BBF}.Debug|Any CPU.Build.0 = Debug|Any CPU
		{ABA5F1E8-B443-46E3-8898-5114A98F5BBF}.Release|Any CPU.ActiveCfg = Release|Any CPU
		{ABA5F1E8-B443-46E3-8898-5114A98F5BBF}.Release|Any CPU.Build.0 = Release|Any CPU
		{AE9DF079-1C3D-4504-890C-B45A956A64A4}.Debug|Any CPU.ActiveCfg = Debug|Any CPU
		{AE9DF079-1C3D-4504-890C-B45A956A64A4}.Debug|Any CPU.Build.0 = Debug|Any CPU
		{AE9DF079-1C3D-4504-890C-B45A956A64A4}.Release|Any CPU.ActiveCfg = Release|Any CPU
		{AE9DF079-1C3D-4504-890C-B45A956A64A4}.Release|Any CPU.Build.0 = Release|Any CPU
		{46BE9935-F474-4C10-8E8C-7341AAC51640}.Debug|Any CPU.ActiveCfg = Debug|Any CPU
		{46BE9935-F474-4C10-8E8C-7341AAC51640}.Debug|Any CPU.Build.0 = Debug|Any CPU
		{46BE9935-F474-4C10-8E8C-7341AAC51640}.Release|Any CPU.ActiveCfg = Release|Any CPU
		{46BE9935-F474-4C10-8E8C-7341AAC51640}.Release|Any CPU.Build.0 = Release|Any CPU
		{163D754B-08E3-4070-A8A5-712986B19257}.Debug|Any CPU.ActiveCfg = Debug|Any CPU
		{163D754B-08E3-4070-A8A5-712986B19257}.Debug|Any CPU.Build.0 = Debug|Any CPU
		{163D754B-08E3-4070-A8A5-712986B19257}.Release|Any CPU.ActiveCfg = Release|Any CPU
		{163D754B-08E3-4070-A8A5-712986B19257}.Release|Any CPU.Build.0 = Release|Any CPU
		{52D7D760-2A5A-4C7A-81F2-FA303D3EF313}.Debug|Any CPU.ActiveCfg = Debug|Any CPU
		{52D7D760-2A5A-4C7A-81F2-FA303D3EF313}.Debug|Any CPU.Build.0 = Debug|Any CPU
		{52D7D760-2A5A-4C7A-81F2-FA303D3EF313}.Release|Any CPU.ActiveCfg = Release|Any CPU
		{52D7D760-2A5A-4C7A-81F2-FA303D3EF313}.Release|Any CPU.Build.0 = Release|Any CPU
	EndGlobalSection
	GlobalSection(SolutionProperties) = preSolution
		HideSolutionNode = FALSE
	EndGlobalSection
	GlobalSection(NestedProjects) = preSolution
		{96AEBCE3-FC5E-4F3F-B8F9-B4BA0BBAC2BE} = {A0856F6A-A367-40E9-8170-22547C9BA96D}
		{A617D647-1075-4BBB-9B9C-17971D56FE1E} = {3E3A17E3-6786-4993-9257-CF76CEF4755E}
		{6086472B-1061-42B0-A442-B4D2FBB3E863} = {A0856F6A-A367-40E9-8170-22547C9BA96D}
		{3CD8A484-F2D7-4659-9AB2-ED7BA11C78C6} = {A0856F6A-A367-40E9-8170-22547C9BA96D}
		{3719D19B-9168-4D0D-A761-92C583A6D07F} = {A0856F6A-A367-40E9-8170-22547C9BA96D}
		{8DD11590-79E3-4D93-83DB-8B2DD19CD3F4} = {3E3A17E3-6786-4993-9257-CF76CEF4755E}
		{67EDE669-FF71-41EC-BA78-0D167FB5D989} = {3E3A17E3-6786-4993-9257-CF76CEF4755E}
		{390DC0BB-01D8-48B3-A7C3-84C5B3355DEE} = {3E3A17E3-6786-4993-9257-CF76CEF4755E}
		{46BE9935-F474-4C10-8E8C-7341AAC51640} = {3E3A17E3-6786-4993-9257-CF76CEF4755E}
		{163D754B-08E3-4070-A8A5-712986B19257} = {3E3A17E3-6786-4993-9257-CF76CEF4755E}
	EndGlobalSection
	GlobalSection(ExtensibilityGlobals) = postSolution
		SolutionGuid = {44F82E87-1AD7-4303-B123-E6A74B69BA6F}
	EndGlobalSection
EndGlobal
