
Microsoft Visual Studio Solution File, Format Version 12.00
# Visual Studio 14
VisualStudioVersion = 14.0.25420.1
MinimumVisualStudioVersion = 10.0.40219.1
Project("{FAE04EC0-301F-11D3-BF4B-00C04F79EFBC}") = "Geometry", "Geometry\Geometry.csproj", "{A617D647-1075-4BBB-9B9C-17971D56FE1E}"
EndProject
Project("{FAE04EC0-301F-11D3-BF4B-00C04F79EFBC}") = "GLCore", "GLCore\GLCore.csproj", "{8DD11590-79E3-4D93-83DB-8B2DD19CD3F4}"
EndProject
Project("{FAE04EC0-301F-11D3-BF4B-00C04F79EFBC}") = "ThreadSafety", "ThreadSafety\ThreadSafety.csproj", "{68031E26-F58A-4F5A-8552-E5BC30CE97FC}"
EndProject
Project("{FAE04EC0-301F-11D3-BF4B-00C04F79EFBC}") = "GLStyle", "GLStyle\GLStyle.csproj", "{67EDE669-FF71-41EC-BA78-0D167FB5D989}"
EndProject
Project("{FAE04EC0-301F-11D3-BF4B-00C04F79EFBC}") = "IniFiles", "IniFiles\IniFiles.csproj", "{D2ECE031-6105-402B-BC01-8E2E1C9B469D}"
EndProject
Project("{FAE04EC0-301F-11D3-BF4B-00C04F79EFBC}") = "GLUI", "GLUI\GLUI.csproj", "{390DC0BB-01D8-48B3-A7C3-84C5B3355DEE}"
EndProject
Project("{FAE04EC0-301F-11D3-BF4B-00C04F79EFBC}") = "GLUITest", "GLUITest\GLUITest.csproj", "{9E4DDC1F-4314-4171-A226-D344B7E2DCCD}"
EndProject
Project("{FAE04EC0-301F-11D3-BF4B-00C04F79EFBC}") = "MD5Hash", "MD5Hash\MD5Hash.csproj", "{1610EB3A-CCCB-451D-81D3-F4E174D90D0D}"
EndProject
Project("{2150E333-8FDC-42A3-9474-1A3956D46DE8}") = "Socket", "Socket", "{A0856F6A-A367-40E9-8170-22547C9BA96D}"
EndProject
Project("{FAE04EC0-301F-11D3-BF4B-00C04F79EFBC}") = "AsyncSocket", "AsyncSocket\AsyncSocket.csproj", "{96AEBCE3-FC5E-4F3F-B8F9-B4BA0BBAC2BE}"
EndProject
Project("{FAE04EC0-301F-11D3-BF4B-00C04F79EFBC}") = "LittleGhost", "LittleGhost\LittleGhost.csproj", "{6086472B-1061-42B0-A442-B4D2FBB3E863}"
EndProject
Project("{2150E333-8FDC-42A3-9474-1A3956D46DE8}") = "GL", "GL", "{3E3A17E3-6786-4993-9257-CF76CEF4755E}"
EndProject
Project("{2150E333-8FDC-42A3-9474-1A3956D46DE8}") = "Algorithm", "Algorithm", "{B690BCC3-B96F-44DF-989C-4E470963DE49}"
EndProject
Project("{FAE04EC0-301F-11D3-BF4B-00C04F79EFBC}") = "KDTree", "KDTree\KDTree.csproj", "{47D9DD72-8020-4DBC-B7D3-43D706266629}"
EndProject
Project("{FAE04EC0-301F-11D3-BF4B-00C04F79EFBC}") = "KDTreeTest", "KDTreeTest\KDTreeTest.csproj", "{5CB4E308-5250-4ECF-AC4D-365116801BAB}"
EndProject
Project("{FAE04EC0-301F-11D3-BF4B-00C04F79EFBC}") = "AStar", "AStar\AStar.csproj", "{3306C8F2-A0C8-4DF6-A8F7-86A58647F3AF}"
EndProject
Project("{FAE04EC0-301F-11D3-BF4B-00C04F79EFBC}") = "PairStar", "PairStar\PairStar.csproj", "{23B2D01C-73A9-412E-8C44-30F53D2003A5}"
EndProject
Project("{FAE04EC0-301F-11D3-BF4B-00C04F79EFBC}") = "MapReader", "MapReader\MapReader.csproj", "{86FBB304-7B4F-4C7D-891C-2A3309A275F4}"
EndProject
Project("{FAE04EC0-301F-11D3-BF4B-00C04F79EFBC}") = "Serialization", "Serialization\Serialization.csproj", "{3719D19B-9168-4D0D-A761-92C583A6D07F}"
EndProject
Global
	GlobalSection(SolutionConfigurationPlatforms) = preSolution
		Debug|Any CPU = Debug|Any CPU
		Release|Any CPU = Release|Any CPU
	EndGlobalSection
	GlobalSection(ProjectConfigurationPlatforms) = postSolution
		{A617D647-1075-4BBB-9B9C-17971D56FE1E}.Debug|Any CPU.ActiveCfg = Debug|Any CPU
		{A617D647-1075-4BBB-9B9C-17971D56FE1E}.Debug|Any CPU.Build.0 = Debug|Any CPU
		{A617D647-1075-4BBB-9B9C-17971D56FE1E}.Release|Any CPU.ActiveCfg = Release|Any CPU
		{A617D647-1075-4BBB-9B9C-17971D56FE1E}.Release|Any CPU.Build.0 = Release|Any CPU
		{8DD11590-79E3-4D93-83DB-8B2DD19CD3F4}.Debug|Any CPU.ActiveCfg = Debug|Any CPU
		{8DD11590-79E3-4D93-83DB-8B2DD19CD3F4}.Debug|Any CPU.Build.0 = Debug|Any CPU
		{8DD11590-79E3-4D93-83DB-8B2DD19CD3F4}.Release|Any CPU.ActiveCfg = Release|Any CPU
		{8DD11590-79E3-4D93-83DB-8B2DD19CD3F4}.Release|Any CPU.Build.0 = Release|Any CPU
		{68031E26-F58A-4F5A-8552-E5BC30CE97FC}.Debug|Any CPU.ActiveCfg = Debug|Any CPU
		{68031E26-F58A-4F5A-8552-E5BC30CE97FC}.Debug|Any CPU.Build.0 = Debug|Any CPU
		{68031E26-F58A-4F5A-8552-E5BC30CE97FC}.Release|Any CPU.ActiveCfg = Release|Any CPU
		{68031E26-F58A-4F5A-8552-E5BC30CE97FC}.Release|Any CPU.Build.0 = Release|Any CPU
		{67EDE669-FF71-41EC-BA78-0D167FB5D989}.Debug|Any CPU.ActiveCfg = Debug|Any CPU
		{67EDE669-FF71-41EC-BA78-0D167FB5D989}.Debug|Any CPU.Build.0 = Debug|Any CPU
		{67EDE669-FF71-41EC-BA78-0D167FB5D989}.Release|Any CPU.ActiveCfg = Release|Any CPU
		{67EDE669-FF71-41EC-BA78-0D167FB5D989}.Release|Any CPU.Build.0 = Release|Any CPU
		{D2ECE031-6105-402B-BC01-8E2E1C9B469D}.Debug|Any CPU.ActiveCfg = Debug|Any CPU
		{D2ECE031-6105-402B-BC01-8E2E1C9B469D}.Debug|Any CPU.Build.0 = Debug|Any CPU
		{D2ECE031-6105-402B-BC01-8E2E1C9B469D}.Release|Any CPU.ActiveCfg = Release|Any CPU
		{D2ECE031-6105-402B-BC01-8E2E1C9B469D}.Release|Any CPU.Build.0 = Release|Any CPU
		{390DC0BB-01D8-48B3-A7C3-84C5B3355DEE}.Debug|Any CPU.ActiveCfg = Debug|Any CPU
		{390DC0BB-01D8-48B3-A7C3-84C5B3355DEE}.Debug|Any CPU.Build.0 = Debug|Any CPU
		{390DC0BB-01D8-48B3-A7C3-84C5B3355DEE}.Release|Any CPU.ActiveCfg = Release|Any CPU
		{390DC0BB-01D8-48B3-A7C3-84C5B3355DEE}.Release|Any CPU.Build.0 = Release|Any CPU
		{9E4DDC1F-4314-4171-A226-D344B7E2DCCD}.Debug|Any CPU.ActiveCfg = Debug|Any CPU
		{9E4DDC1F-4314-4171-A226-D344B7E2DCCD}.Debug|Any CPU.Build.0 = Debug|Any CPU
		{9E4DDC1F-4314-4171-A226-D344B7E2DCCD}.Release|Any CPU.ActiveCfg = Release|Any CPU
		{9E4DDC1F-4314-4171-A226-D344B7E2DCCD}.Release|Any CPU.Build.0 = Release|Any CPU
		{1610EB3A-CCCB-451D-81D3-F4E174D90D0D}.Debug|Any CPU.ActiveCfg = Debug|Any CPU
		{1610EB3A-CCCB-451D-81D3-F4E174D90D0D}.Debug|Any CPU.Build.0 = Debug|Any CPU
		{1610EB3A-CCCB-451D-81D3-F4E174D90D0D}.Release|Any CPU.ActiveCfg = Release|Any CPU
		{1610EB3A-CCCB-451D-81D3-F4E174D90D0D}.Release|Any CPU.Build.0 = Release|Any CPU
		{96AEBCE3-FC5E-4F3F-B8F9-B4BA0BBAC2BE}.Debug|Any CPU.ActiveCfg = Debug|Any CPU
		{96AEBCE3-FC5E-4F3F-B8F9-B4BA0BBAC2BE}.Debug|Any CPU.Build.0 = Debug|Any CPU
		{96AEBCE3-FC5E-4F3F-B8F9-B4BA0BBAC2BE}.Release|Any CPU.ActiveCfg = Release|Any CPU
		{96AEBCE3-FC5E-4F3F-B8F9-B4BA0BBAC2BE}.Release|Any CPU.Build.0 = Release|Any CPU
		{6086472B-1061-42B0-A442-B4D2FBB3E863}.Debug|Any CPU.ActiveCfg = Debug|Any CPU
		{6086472B-1061-42B0-A442-B4D2FBB3E863}.Debug|Any CPU.Build.0 = Debug|Any CPU
		{6086472B-1061-42B0-A442-B4D2FBB3E863}.Release|Any CPU.ActiveCfg = Release|Any CPU
		{6086472B-1061-42B0-A442-B4D2FBB3E863}.Release|Any CPU.Build.0 = Release|Any CPU
		{47D9DD72-8020-4DBC-B7D3-43D706266629}.Debug|Any CPU.ActiveCfg = Debug|Any CPU
		{47D9DD72-8020-4DBC-B7D3-43D706266629}.Debug|Any CPU.Build.0 = Debug|Any CPU
		{47D9DD72-8020-4DBC-B7D3-43D706266629}.Release|Any CPU.ActiveCfg = Release|Any CPU
		{47D9DD72-8020-4DBC-B7D3-43D706266629}.Release|Any CPU.Build.0 = Release|Any CPU
		{5CB4E308-5250-4ECF-AC4D-365116801BAB}.Debug|Any CPU.ActiveCfg = Debug|Any CPU
		{5CB4E308-5250-4ECF-AC4D-365116801BAB}.Debug|Any CPU.Build.0 = Debug|Any CPU
		{5CB4E308-5250-4ECF-AC4D-365116801BAB}.Release|Any CPU.ActiveCfg = Release|Any CPU
		{5CB4E308-5250-4ECF-AC4D-365116801BAB}.Release|Any CPU.Build.0 = Release|Any CPU
		{3306C8F2-A0C8-4DF6-A8F7-86A58647F3AF}.Debug|Any CPU.ActiveCfg = Debug|Any CPU
		{3306C8F2-A0C8-4DF6-A8F7-86A58647F3AF}.Debug|Any CPU.Build.0 = Debug|Any CPU
		{3306C8F2-A0C8-4DF6-A8F7-86A58647F3AF}.Release|Any CPU.ActiveCfg = Release|Any CPU
		{3306C8F2-A0C8-4DF6-A8F7-86A58647F3AF}.Release|Any CPU.Build.0 = Release|Any CPU
		{23B2D01C-73A9-412E-8C44-30F53D2003A5}.Debug|Any CPU.ActiveCfg = Debug|Any CPU
		{23B2D01C-73A9-412E-8C44-30F53D2003A5}.Debug|Any CPU.Build.0 = Debug|Any CPU
		{23B2D01C-73A9-412E-8C44-30F53D2003A5}.Release|Any CPU.ActiveCfg = Release|Any CPU
		{23B2D01C-73A9-412E-8C44-30F53D2003A5}.Release|Any CPU.Build.0 = Release|Any CPU
		{86FBB304-7B4F-4C7D-891C-2A3309A275F4}.Debug|Any CPU.ActiveCfg = Debug|Any CPU
		{86FBB304-7B4F-4C7D-891C-2A3309A275F4}.Debug|Any CPU.Build.0 = Debug|Any CPU
		{86FBB304-7B4F-4C7D-891C-2A3309A275F4}.Release|Any CPU.ActiveCfg = Release|Any CPU
		{86FBB304-7B4F-4C7D-891C-2A3309A275F4}.Release|Any CPU.Build.0 = Release|Any CPU
		{3719D19B-9168-4D0D-A761-92C583A6D07F}.Debug|Any CPU.ActiveCfg = Debug|Any CPU
		{3719D19B-9168-4D0D-A761-92C583A6D07F}.Debug|Any CPU.Build.0 = Debug|Any CPU
		{3719D19B-9168-4D0D-A761-92C583A6D07F}.Release|Any CPU.ActiveCfg = Release|Any CPU
		{3719D19B-9168-4D0D-A761-92C583A6D07F}.Release|Any CPU.Build.0 = Release|Any CPU
	EndGlobalSection
	GlobalSection(SolutionProperties) = preSolution
		HideSolutionNode = FALSE
	EndGlobalSection
	GlobalSection(NestedProjects) = preSolution
		{A617D647-1075-4BBB-9B9C-17971D56FE1E} = {3E3A17E3-6786-4993-9257-CF76CEF4755E}
		{8DD11590-79E3-4D93-83DB-8B2DD19CD3F4} = {3E3A17E3-6786-4993-9257-CF76CEF4755E}
		{67EDE669-FF71-41EC-BA78-0D167FB5D989} = {3E3A17E3-6786-4993-9257-CF76CEF4755E}
		{390DC0BB-01D8-48B3-A7C3-84C5B3355DEE} = {3E3A17E3-6786-4993-9257-CF76CEF4755E}
		{9E4DDC1F-4314-4171-A226-D344B7E2DCCD} = {3E3A17E3-6786-4993-9257-CF76CEF4755E}
		{96AEBCE3-FC5E-4F3F-B8F9-B4BA0BBAC2BE} = {A0856F6A-A367-40E9-8170-22547C9BA96D}
		{6086472B-1061-42B0-A442-B4D2FBB3E863} = {A0856F6A-A367-40E9-8170-22547C9BA96D}
		{47D9DD72-8020-4DBC-B7D3-43D706266629} = {B690BCC3-B96F-44DF-989C-4E470963DE49}
		{5CB4E308-5250-4ECF-AC4D-365116801BAB} = {B690BCC3-B96F-44DF-989C-4E470963DE49}
		{3306C8F2-A0C8-4DF6-A8F7-86A58647F3AF} = {B690BCC3-B96F-44DF-989C-4E470963DE49}
	EndGlobalSection
	GlobalSection(ExtensibilityGlobals) = postSolution
		SolutionGuid = {44F82E87-1AD7-4303-B123-E6A74B69BA6F}
	EndGlobalSection
EndGlobal
